
Microsoft Visual Studio Solution File, Format Version 12.00
# Visual Studio 14
VisualStudioVersion = 14.0.25123.0
MinimumVisualStudioVersion = 10.0.40219.1
Project("{FEDBB460-D198-4E04-9F30-53D3CD4890C0}") = "Sitecore.Support.336072", "Sitecore.Support.336072\Sitecore.Support.336072.csproj", "{34DC16A0-9396-47BD-A104-6D8505D82A68}"
EndProject
Global
	GlobalSection(SolutionConfigurationPlatforms) = preSolution
		Debug|Any CPU = Debug|Any CPU
		Release|Any CPU = Release|Any CPU
	EndGlobalSection
	GlobalSection(ProjectConfigurationPlatforms) = postSolution
		{34DC16A0-9396-47BD-A104-6D8505D82A68}.Debug|Any CPU.ActiveCfg = Debug|Any CPU
		{34DC16A0-9396-47BD-A104-6D8505D82A68}.Debug|Any CPU.Build.0 = Debug|Any CPU
		{34DC16A0-9396-47BD-A104-6D8505D82A68}.Release|Any CPU.ActiveCfg = Release|Any CPU
		{34DC16A0-9396-47BD-A104-6D8505D82A68}.Release|Any CPU.Build.0 = Release|Any CPU
	EndGlobalSection
	GlobalSection(SolutionProperties) = preSolution
		HideSolutionNode = FALSE
	EndGlobalSection
EndGlobal
